// !$*UTF8*$!
{
	archiveVersion = 1;
	classes = {
	};
	objectVersion = 56;
	objects = {

/* Begin PBXBuildFile section */
		A1234567890ABCDEF /* MCPCompanionApp.swift in Sources */ = {isa = PBXBuildFile; fileRef = A1234567890ABCDE /* MCPCompanionApp.swift */; };
		A1234567890ABCDF0 /* ServiceMonitor.swift in Sources */ = {isa = PBXBuildFile; fileRef = A1234567890ABCDF /* ServiceMonitor.swift */; };
		A1234567890ABCE01 /* MenuBarContentView.swift in Sources */ = {isa = PBXBuildFile; fileRef = A1234567890ABCE0 /* MenuBarContentView.swift */; };
		A1234567890ABCE12 /* ServiceStatusView.swift in Sources */ = {isa = PBXBuildFile; fileRef = A1234567890ABCE1 /* ServiceStatusView.swift */; };
		A1234567890ABCE23 /* QuickActionsView.swift in Sources */ = {isa = PBXBuildFile; fileRef = A1234567890ABCE2 /* QuickActionsView.swift */; };
		A1234567890ABCE34 /* ActionComponents.swift in Sources */ = {isa = PBXBuildFile; fileRef = A1234567890ABCE3 /* ActionComponents.swift */; };
		A1234567890ABCE45 /* WorkflowsView.swift in Sources */ = {isa = PBXBuildFile; fileRef = A1234567890ABCE4 /* WorkflowsView.swift */; };
		A1234567890ABCE56 /* WorkflowModels.swift in Sources */ = {isa = PBXBuildFile; fileRef = A1234567890ABCE5 /* WorkflowModels.swift */; };
		A1234567890ABCE67 /* WorkflowEditView.swift in Sources */ = {isa = PBXBuildFile; fileRef = A1234567890ABCE6 /* WorkflowEditView.swift */; };
		A1234567890ABCE78 /* PreferencesView.swift in Sources */ = {isa = PBXBuildFile; fileRef = A1234567890ABCE7 /* PreferencesView.swift */; };
		A1234567890ABCE90 /* VoiceRecordingView.swift in Sources */ = {isa = PBXBuildFile; fileRef = A1234567890ABCE9 /* VoiceRecordingView.swift */; };
/* End PBXBuildFile section */

/* Begin PBXFileReference section */
		A1234567890ABCDE /* MCPCompanionApp.swift */ = {isa = PBXFileReference; lastKnownFileType = sourcecode.swift; path = MCPCompanionApp.swift; sourceTree = "<group>"; };
		A1234567890ABCDF /* ServiceMonitor.swift */ = {isa = PBXFileReference; lastKnownFileType = sourcecode.swift; path = ServiceMonitor.swift; sourceTree = "<group>"; };
		A1234567890ABCE0 /* MenuBarContentView.swift */ = {isa = PBXFileReference; lastKnownFileType = sourcecode.swift; path = MenuBarContentView.swift; sourceTree = "<group>"; };
		A1234567890ABCE1 /* ServiceStatusView.swift */ = {isa = PBXFileReference; lastKnownFileType = sourcecode.swift; path = ServiceStatusView.swift; sourceTree = "<group>"; };
		A1234567890ABCE2 /* QuickActionsView.swift */ = {isa = PBXFileReference; lastKnownFileType = sourcecode.swift; path = QuickActionsView.swift; sourceTree = "<group>"; };
		A1234567890ABCE3 /* ActionComponents.swift */ = {isa = PBXFileReference; lastKnownFileType = sourcecode.swift; path = ActionComponents.swift; sourceTree = "<group>"; };
		A1234567890ABCE4 /* WorkflowsView.swift */ = {isa = PBXFileReference; lastKnownFileType = sourcecode.swift; path = WorkflowsView.swift; sourceTree = "<group>"; };
		A1234567890ABCE5 /* WorkflowModels.swift */ = {isa = PBXFileReference; lastKnownFileType = sourcecode.swift; path = WorkflowModels.swift; sourceTree = "<group>"; };
		A1234567890ABCE6 /* WorkflowEditView.swift */ = {isa = PBXFileReference; lastKnownFileType = sourcecode.swift; path = WorkflowEditView.swift; sourceTree = "<group>"; };
		A1234567890ABCE7 /* PreferencesView.swift */ = {isa = PBXFileReference; lastKnownFileType = sourcecode.swift; path = PreferencesView.swift; sourceTree = "<group>"; };
		A1234567890ABCE8 /* VoiceRecordingView.swift */ = {isa = PBXFileReference; lastKnownFileType = sourcecode.swift; path = VoiceRecordingView.swift; sourceTree = "<group>"; };
		A1234567890ABCDA /* MCP Companion.app */ = {isa = PBXFileReference; explicitFileType = wrapper.application; includeInIndex = 0; path = "MCP Companion.app"; sourceTree = BUILT_PRODUCTS_DIR; };
/* End PBXFileReference section */

/* Begin PBXGroup section */
		A1234567890ABC00 = {
			isa = PBXGroup;
			children = (
				A1234567890ABC01 /* MCPCompanionApp */,
				A1234567890ABC02 /* Products */,
			);
			sourceTree = "<group>";
		};
		A1234567890ABC01 /* MCPCompanionApp */ = {
			isa = PBXGroup;
			children = (
				A1234567890ABCDE /* MCPCompanionApp.swift */,
				A1234567890ABCDF /* ServiceMonitor.swift */,
				A1234567890ABCE0 /* MenuBarContentView.swift */,
				A1234567890ABCE1 /* ServiceStatusView.swift */,
				A1234567890ABCE2 /* QuickActionsView.swift */,
				A1234567890ABCE3 /* ActionComponents.swift */,
				A1234567890ABCE4 /* WorkflowsView.swift */,
				A1234567890ABCE5 /* WorkflowModels.swift */,
				A1234567890ABCE6 /* WorkflowEditView.swift */,
				A1234567890ABCE7 /* PreferencesView.swift */,
				A1234567890ABCE8 /* VoiceRecordingView.swift */,
			);
			path = MCPCompanionApp;
			sourceTree = "<group>";
		};
		A1234567890ABC02 /* Products */ = {
			isa = PBXGroup;
			children = (
				A1234567890ABCDA /* MCP Companion.app */,
			);
			name = Products;
			sourceTree = "<group>";
		};
/* End PBXGroup section */

/* Begin PBXNativeTarget section */
		A1234567890ABCD9 /* MCP Companion */ = {
			isa = PBXNativeTarget;
			buildConfigurationList = A1234567890ABCE8 /* Build configuration list for PBXNativeTarget "MCP Companion" */;
			buildPhases = (
				A1234567890ABCD6 /* Sources */,
			);
			buildRules = (
			);
			dependencies = (
			);
			name = "MCP Companion";
			productName = "MCP Companion";
			productReference = A1234567890ABCDA /* MCP Companion.app */;
			productType = "com.apple.product-type.application";
		};
/* End PBXNativeTarget section */

/* Begin PBXProject section */
		A1234567890ABCD1 /* Project object */ = {
			isa = PBXProject;
			attributes = {
				BuildIndependentTargetsInParallel = 1;
				LastSwiftUpdateCheck = 1500;
				LastUpgradeCheck = 1500;
				TargetAttributes = {
					A1234567890ABCD9 = {
						CreatedOnToolsVersion = 15.0;
					};
				};
			};
			buildConfigurationList = A1234567890ABCD4 /* Build configuration list for PBXProject "MCPCompanionApp" */;
			compatibilityVersion = "Xcode 14.0";
			developmentRegion = en;
			hasScannedForEncodings = 0;
			knownRegions = (
				en,
				Base,
			);
			mainGroup = A1234567890ABC00;
			productRefGroup = A1234567890ABC02 /* Products */;
			projectDirPath = "";
			projectRoot = "";
			targets = (
				A1234567890ABCD9 /* MCP Companion */,
			);
		};
/* End PBXProject section */

/* Begin PBXSourcesBuildPhase section */
		A1234567890ABCD6 /* Sources */ = {
			isa = PBXSourcesBuildPhase;
			buildActionMask = 2147483647;
			files = (
				A1234567890ABCDEF /* MCPCompanionApp.swift in Sources */,
				A1234567890ABCDF0 /* ServiceMonitor.swift in Sources */,
				A1234567890ABCE01 /* MenuBarContentView.swift in Sources */,
				A1234567890ABCE12 /* ServiceStatusView.swift in Sources */,
				A1234567890ABCE23 /* QuickActionsView.swift in Sources */,
				A1234567890ABCE34 /* ActionComponents.swift in Sources */,
				A1234567890ABCE45 /* WorkflowsView.swift in Sources */,
				A1234567890ABCE56 /* WorkflowModels.swift in Sources */,
				A1234567890ABCE67 /* WorkflowEditView.swift in Sources */,
				A1234567890ABCE78 /* PreferencesView.swift in Sources */,
				A1234567890ABCE89 /* VoiceRecordingView.swift in Sources */,
			);
			runOnlyForDeploymentPostprocessing = 0;
		};
/* End PBXSourcesBuildPhase section */

/* Begin XCBuildConfiguration section */
		A1234567890ABCD2 /* Debug */ = {
			isa = XCBuildConfiguration;
			buildSettings = {
				ALWAYS_SEARCH_USER_PATHS = NO;
				CLANG_ANALYZER_NONNULL = YES;
				CLANG_ANALYZER_NUMBER_OBJECT_CONVERSION = YES_AGGRESSIVE;
				CLANG_CXX_LANGUAGE_STANDARD = "gnu++20";
				CLANG_ENABLE_MODULES = YES;
				CLANG_ENABLE_OBJC_ARC = YES;
				CLANG_ENABLE_OBJC_WEAK = YES;
				CLANG_WARN_BLOCK_CAPTURE_AUTORELEASING = YES;
				CLANG_WARN_BOOL_CONVERSION = YES;
				CLANG_WARN_COMMA = YES;
				CLANG_WARN_CONSTANT_CONVERSION = YES;
				CLANG_WARN_DEPRECATED_OBJC_IMPLEMENTATIONS = YES;
				CLANG_WARN_DIRECT_OBJC_ISA_USAGE = YES_ERROR;
				CLANG_WARN_DOCUMENTATION_COMMENTS = YES;
				CLANG_WARN_EMPTY_BODY = YES;
				CLANG_WARN_ENUM_CONVERSION = YES;
				CLANG_WARN_INFINITE_RECURSION = YES;
				CLANG_WARN_INT_CONVERSION = YES;
				CLANG_WARN_NON_LITERAL_NULL_CONVERSION = YES;
				CLANG_WARN_OBJC_IMPLICIT_RETAIN_SELF = YES;
				CLANG_WARN_OBJC_LITERAL_CONVERSION = YES;
				CLANG_WARN_OBJC_ROOT_CLASS = YES_ERROR;
				CLANG_WARN_QUOTED_INCLUDE_IN_FRAMEWORK_HEADER = YES;
				CLANG_WARN_RANGE_LOOP_ANALYSIS = YES;
				CLANG_WARN_STRICT_PROTOTYPES = YES;
				CLANG_WARN_SUSPICIOUS_MOVE = YES;
				CLANG_WARN_UNGUARDED_AVAILABILITY = YES_AGGRESSIVE;
				CLANG_WARN_UNREACHABLE_CODE = YES;
				CLANG_WARN__DUPLICATE_METHOD_MATCH = YES;
				COPY_PHASE_STRIP = NO;
				DEBUG_INFORMATION_FORMAT = dwarf;
				ENABLE_STRICT_OBJC_MSGSEND = YES;
				ENABLE_TESTABILITY = YES;
				GCC_C_LANGUAGE_STANDARD = gnu11;
				GCC_DYNAMIC_NO_PIC = NO;
				GCC_NO_COMMON_BLOCKS = YES;
				GCC_OPTIMIZATION_LEVEL = 0;
				GCC_PREPROCESSOR_DEFINITIONS = (
					"DEBUG=1",
					"$(inherited)",
				);
				GCC_WARN_64_TO_32_BIT_CONVERSION = YES;
				GCC_WARN_ABOUT_RETURN_TYPE = YES_ERROR;
				GCC_WARN_UNDECLARED_SELECTOR = YES;
				GCC_WARN_UNINITIALIZED_AUTOS = YES_AGGRESSIVE;
				GCC_WARN_UNUSED_FUNCTION = YES;
				GCC_WARN_UNUSED_VARIABLE = YES;
				MACOSX_DEPLOYMENT_TARGET = 13.0;
				MTL_ENABLE_DEBUG_INFO = INCLUDE_SOURCE;
				MTL_FAST_MATH = YES;
				ONLY_ACTIVE_ARCH = YES;
				SDKROOT = macosx;
				SWIFT_ACTIVE_COMPILATION_CONDITIONS = DEBUG;
				SWIFT_OPTIMIZATION_LEVEL = "-Onone";
			};
			name = Debug;
		};
		A1234567890ABCD3 /* Release */ = {
			isa = XCBuildConfiguration;
			buildSettings = {
				ALWAYS_SEARCH_USER_PATHS = NO;
				CLANG_ANALYZER_NONNULL = YES;
				CLANG_ANALYZER_NUMBER_OBJECT_CONVERSION = YES_AGGRESSIVE;
				CLANG_CXX_LANGUAGE_STANDARD = "gnu++20";
				CLANG_ENABLE_MODULES = YES;
				CLANG_ENABLE_OBJC_ARC = YES;
				CLANG_ENABLE_OBJC_WEAK = YES;
				CLANG_WARN_BLOCK_CAPTURE_AUTORELEASING = YES;
				CLANG_WARN_BOOL_CONVERSION = YES;
				CLANG_WARN_COMMA = YES;
				CLANG_WARN_CONSTANT_CONVERSION = YES;
				CLANG_WARN_DEPRECATED_OBJC_IMPLEMENTATIONS = YES;
				CLANG_WARN_DIRECT_OBJC_ISA_USAGE = YES_ERROR;
				CLANG_WARN_DOCUMENTATION_COMMENTS = YES;
				CLANG_WARN_EMPTY_BODY = YES;
				CLANG_WARN_ENUM_CONVERSION = YES;
				CLANG_WARN_INFINITE_RECURSION = YES;
				CLANG_WARN_INT_CONVERSION = YES;
				CLANG_WARN_NON_LITERAL_NULL_CONVERSION = YES;
				CLANG_WARN_OBJC_IMPLICIT_RETAIN_SELF = YES;
				CLANG_WARN_OBJC_LITERAL_CONVERSION = YES;
				CLANG_WARN_OBJC_ROOT_CLASS = YES_ERROR;
				CLANG_WARN_QUOTED_INCLUDE_IN_FRAMEWORK_HEADER = YES;
				CLANG_WARN_RANGE_LOOP_ANALYSIS = YES;
				CLANG_WARN_STRICT_PROTOTYPES = YES;
				CLANG_WARN_SUSPICIOUS_MOVE = YES;
				CLANG_WARN_UNGUARDED_AVAILABILITY = YES_AGGRESSIVE;
				CLANG_WARN_UNREACHABLE_CODE = YES;
				CLANG_WARN__DUPLICATE_METHOD_MATCH = YES;
				COPY_PHASE_STRIP = NO;
				DEBUG_INFORMATION_FORMAT = "dwarf-with-dsym";
				ENABLE_NS_ASSERTIONS = NO;
				ENABLE_STRICT_OBJC_MSGSEND = YES;
				GCC_C_LANGUAGE_STANDARD = gnu11;
				GCC_NO_COMMON_BLOCKS = YES;
				GCC_WARN_64_TO_32_BIT_CONVERSION = YES;
				GCC_WARN_ABOUT_RETURN_TYPE = YES_ERROR;
				GCC_WARN_UNDECLARED_SELECTOR = YES;
				GCC_WARN_UNINITIALIZED_AUTOS = YES_AGGRESSIVE;
				GCC_WARN_UNUSED_FUNCTION = YES;
				GCC_WARN_UNUSED_VARIABLE = YES;
				MACOSX_DEPLOYMENT_TARGET = 13.0;
				MTL_ENABLE_DEBUG_INFO = NO;
				MTL_FAST_MATH = YES;
				SDKROOT = macosx;
				SWIFT_COMPILATION_MODE = wholemodule;
				SWIFT_OPTIMIZATION_LEVEL = "-O";
			};
			name = Release;
		};
		A1234567890ABCE9 /* Debug */ = {
			isa = XCBuildConfiguration;
			buildSettings = {
				ASSETCATALOG_COMPILER_APPICON_NAME = AppIcon;
				ASSETCATALOG_COMPILER_GLOBAL_ACCENT_COLOR_NAME = AccentColor;
				CODE_SIGN_ENTITLEMENTS = MCPCompanionApp/MCPCompanionApp.entitlements;
				CODE_SIGN_STYLE = Automatic;
				COMBINE_HIDPI_IMAGES = YES;
				CURRENT_PROJECT_VERSION = 1;
				DEVELOPMENT_TEAM = "";
				ENABLE_HARDENED_RUNTIME = YES;
				ENABLE_PREVIEWS = YES;
				GENERATE_INFOPLIST_FILE = YES;
				INFOPLIST_KEY_LSUIElement = YES;
				INFOPLIST_KEY_NSHumanReadableCopyright = "";
				LD_RUNPATH_SEARCH_PATHS = (
					"$(inherited)",
					"@executable_path/../Frameworks",
				);
				MACOSX_DEPLOYMENT_TARGET = 13.0;
				MARKETING_VERSION = 1.0;
				PRODUCT_BUNDLE_IDENTIFIER = com.mcpcompanion.app;
				PRODUCT_NAME = "$(TARGET_NAME)";
				SWIFT_EMIT_LOC_STRINGS = YES;
				SWIFT_VERSION = 5.0;
			};
			name = Debug;
		};
		A1234567890ABCEA /* Release */ = {
			isa = XCBuildConfiguration;
			buildSettings = {
				ASSETCATALOG_COMPILER_APPICON_NAME = AppIcon;
				ASSETCATALOG_COMPILER_GLOBAL_ACCENT_COLOR_NAME = AccentColor;
				CODE_SIGN_ENTITLEMENTS = MCPCompanionApp/MCPCompanionApp.entitlements;
				CODE_SIGN_STYLE = Automatic;
				COMBINE_HIDPI_IMAGES = YES;
				CURRENT_PROJECT_VERSION = 1;
				DEVELOPMENT_TEAM = "";
				ENABLE_HARDENED_RUNTIME = YES;
				ENABLE_PREVIEWS = YES;
				GENERATE_INFOPLIST_FILE = YES;
				INFOPLIST_KEY_LSUIElement = YES;
				INFOPLIST_KEY_NSHumanReadableCopyright = "";
				LD_RUNPATH_SEARCH_PATHS = (
					"$(inherited)",
					"@executable_path/../Frameworks",
				);
				MACOSX_DEPLOYMENT_TARGET = 13.0;
				MARKETING_VERSION = 1.0;
				PRODUCT_BUNDLE_IDENTIFIER = com.mcpcompanion.app;
				PRODUCT_NAME = "$(TARGET_NAME)";
				SWIFT_EMIT_LOC_STRINGS = YES;
				SWIFT_VERSION = 5.0;
			};
			name = Release;
		};
/* End XCBuildConfiguration section */

/* Begin XCConfigurationList section */
		A1234567890ABCD4 /* Build configuration list for PBXProject "MCPCompanionApp" */ = {
			isa = XCConfigurationList;
			buildConfigurations = (
				A1234567890ABCD2 /* Debug */,
				A1234567890ABCD3 /* Release */,
			);
			defaultConfigurationIsVisible = 0;
			defaultConfigurationName = Release;
		};
		A1234567890ABCE8 /* Build configuration list for PBXNativeTarget "MCP Companion" */ = {
			isa = XCConfigurationList;
			buildConfigurations = (
				A1234567890ABCE9 /* Debug */,
				A1234567890ABCEA /* Release */,
			);
			defaultConfigurationIsVisible = 0;
			defaultConfigurationName = Release;
		};
/* End XCConfigurationList section */
	};
	rootObject = A1234567890ABCD1 /* Project object */;
}